
Microsoft Visual Studio Solution File, Format Version 12.00
Project("{FAE04EC0-301F-11D3-BF4B-00C04F79EFBC}") = "Demo.Analyzers", "Demo.Analyzers\Demo.Analyzers.csproj", "{C0236DF4-F3F8-4B45-B3F3-FC007DA85ACE}"
EndProject
Project("{FAE04EC0-301F-11D3-BF4B-00C04F79EFBC}") = "Demo.Analyzers.Tests", "Demo.Analyzers.Tests\Demo.Analyzers.Tests.csproj", "{89F92DBD-00C8-43D3-BF36-4FCDEECFBF78}"
EndProject
Global
	GlobalSection(SolutionConfigurationPlatforms) = preSolution
		Debug|Any CPU = Debug|Any CPU
		Release|Any CPU = Release|Any CPU
	EndGlobalSection
	GlobalSection(ProjectConfigurationPlatforms) = postSolution
		{C0236DF4-F3F8-4B45-B3F3-FC007DA85ACE}.Debug|Any CPU.ActiveCfg = Debug|Any CPU
		{C0236DF4-F3F8-4B45-B3F3-FC007DA85ACE}.Debug|Any CPU.Build.0 = Debug|Any CPU
		{C0236DF4-F3F8-4B45-B3F3-FC007DA85ACE}.Release|Any CPU.ActiveCfg = Release|Any CPU
		{C0236DF4-F3F8-4B45-B3F3-FC007DA85ACE}.Release|Any CPU.Build.0 = Release|Any CPU
		{89F92DBD-00C8-43D3-BF36-4FCDEECFBF78}.Debug|Any CPU.ActiveCfg = Debug|Any CPU
		{89F92DBD-00C8-43D3-BF36-4FCDEECFBF78}.Debug|Any CPU.Build.0 = Debug|Any CPU
		{89F92DBD-00C8-43D3-BF36-4FCDEECFBF78}.Release|Any CPU.ActiveCfg = Release|Any CPU
		{89F92DBD-00C8-43D3-BF36-4FCDEECFBF78}.Release|Any CPU.Build.0 = Release|Any CPU
	EndGlobalSection
EndGlobal
